lockfileVersion: '9.0'

settings:
  autoInstallPeers: true
  excludeLinksFromLockfile: false

importers:

  .:
    dependencies:
      sweetalert2:
        specifier: ^11.23.0
        version: 11.23.0

packages:

  sweetalert2@11.23.0:
    resolution: {integrity: sha512-cKzzbC3C1sIs7o9XAMw4E8F9kBtGXsBDUsd2JZ8JM/dqa+nzWwSGM+9LLYILZWzWHzX9W+HJNHyBlbHPVS/krw==}

snapshots:

  sweetalert2@11.23.0: {}
